// !$*UTF8*$!
{
	archiveVersion = 1;
	classes = {
	};
	objectVersion = 50;
	objects = {

/* Begin PBXBuildFile section */
		2B287411264D274000070D5E /* ImageHelper.swift in Sources */ = {isa = PBXBuildFile; fileRef = 2B287410264D274000070D5E /* ImageHelper.swift */; };
		2B287413264D284300070D5E /* LaunchImageView.swift in Sources */ = {isa = PBXBuildFile; fileRef = 2B287412264D284200070D5E /* LaunchImageView.swift */; };
		2B287415264D286E00070D5E /* LaunchImageVM.swift in Sources */ = {isa = PBXBuildFile; fileRef = 2B287414264D286E00070D5E /* LaunchImageVM.swift */; };
		2B79E6EF264D341700C86A47 /* launchesMOC.json in Resources */ = {isa = PBXBuildFile; fileRef = 2B79E6EE264D341700C86A47 /* launchesMOC.json */; };
		2B79E6F0264D341700C86A47 /* launchesMOC.json in Resources */ = {isa = PBXBuildFile; fileRef = 2B79E6EE264D341700C86A47 /* launchesMOC.json */; };
		2B79E6F2264D5A2D00C86A47 /* WebVC.swift in Sources */ = {isa = PBXBuildFile; fileRef = 2B79E6F1264D5A2D00C86A47 /* WebVC.swift */; };
		2B79E6F3264D5A2D00C86A47 /* WebVC.swift in Sources */ = {isa = PBXBuildFile; fileRef = 2B79E6F1264D5A2D00C86A47 /* WebVC.swift */; };
		2B79E6F5264D64AD00C86A47 /* CountdownLabel.swift in Sources */ = {isa = PBXBuildFile; fileRef = 2B79E6F4264D64AD00C86A47 /* CountdownLabel.swift */; };
		2B79E6F8264D7E4C00C86A47 /* CountdownLabelVM.swift in Sources */ = {isa = PBXBuildFile; fileRef = 2B79E6F7264D7E4C00C86A47 /* CountdownLabelVM.swift */; };
		2B79E6F9264D7E4C00C86A47 /* CountdownLabelVM.swift in Sources */ = {isa = PBXBuildFile; fileRef = 2B79E6F7264D7E4C00C86A47 /* CountdownLabelVM.swift */; };
		2B79E6FB264D833000C86A47 /* CountryUtilities.swift in Sources */ = {isa = PBXBuildFile; fileRef = 2B79E6FA264D833000C86A47 /* CountryUtilities.swift */; };
		2BCAB7D4264BB2FB00A8E991 /* LaunchesVM.swift in Sources */ = {isa = PBXBuildFile; fileRef = 2BCAB7D3264BB2FB00A8E991 /* LaunchesVM.swift */; };
		2BCAB7D6264BB30600A8E991 /* LaunchVM.swift in Sources */ = {isa = PBXBuildFile; fileRef = 2BCAB7D5264BB30600A8E991 /* LaunchVM.swift */; };
		2BCAB7DA264BB39D00A8E991 /* NetworkService.swift in Sources */ = {isa = PBXBuildFile; fileRef = 2BCAB7D7264BB39C00A8E991 /* NetworkService.swift */; };
		2BCAB7DB264BB39D00A8E991 /* LaunchesService.swift in Sources */ = {isa = PBXBuildFile; fileRef = 2BCAB7D8264BB39C00A8E991 /* LaunchesService.swift */; };
		2BCAB7DC264BB39D00A8E991 /* NetworkError.swift in Sources */ = {isa = PBXBuildFile; fileRef = 2BCAB7D9264BB39D00A8E991 /* NetworkError.swift */; };
		2BCAB7DE264BB3AD00A8E991 /* LaunchResponse.swift in Sources */ = {isa = PBXBuildFile; fileRef = 2BCAB7DD264BB3AD00A8E991 /* LaunchResponse.swift */; };
		2BCAB7E1264BE68F00A8E991 /* LaunchRequest.swift in Sources */ = {isa = PBXBuildFile; fileRef = 2BCAB7E0264BE68F00A8E991 /* LaunchRequest.swift */; };
		2BCAB7E3264BF36E00A8E991 /* LaunchDetailsVM.swift in Sources */ = {isa = PBXBuildFile; fileRef = 2BCAB7E2264BF36E00A8E991 /* LaunchDetailsVM.swift */; };
		2BCAB7E5264BF7A000A8E991 /* LaunchDetailsVC.swift in Sources */ = {isa = PBXBuildFile; fileRef = 2BCAB7E4264BF7A000A8E991 /* LaunchDetailsVC.swift */; };
		2BCB9F1F264BAD94001879B8 /* AppDelegate.swift in Sources */ = {isa = PBXBuildFile; fileRef = 2BCB9F1E264BAD94001879B8 /* AppDelegate.swift */; };
		2BCB9F26264BAD94001879B8 /* Main.storyboard in Resources */ = {isa = PBXBuildFile; fileRef = 2BCB9F24264BAD94001879B8 /* Main.storyboard */; };
		2BCB9F28264BAD94001879B8 /* Assets.xcassets in Resources */ = {isa = PBXBuildFile; fileRef = 2BCB9F27264BAD94001879B8 /* Assets.xcassets */; };
		2BCB9F2B264BAD94001879B8 /* LaunchScreen.storyboard in Resources */ = {isa = PBXBuildFile; fileRef = 2BCB9F29264BAD94001879B8 /* LaunchScreen.storyboard */; };
		2BCB9F36264BAD95001879B8 /* Ebay_tTests.swift in Sources */ = {isa = PBXBuildFile; fileRef = 2BCB9F35264BAD95001879B8 /* Ebay_tTests.swift */; };
		2BCB9F5A264BAEF9001879B8 /* AlertHelper.swift in Sources */ = {isa = PBXBuildFile; fileRef = 2BCB9F59264BAEF9001879B8 /* AlertHelper.swift */; };
		2BCB9F5C264BAF05001879B8 /* BlockingScreen.swift in Sources */ = {isa = PBXBuildFile; fileRef = 2BCB9F5B264BAF05001879B8 /* BlockingScreen.swift */; };
		2BCB9F60264BAF15001879B8 /* Storyboarded.swift in Sources */ = {isa = PBXBuildFile; fileRef = 2BCB9F5D264BAF14001879B8 /* Storyboarded.swift */; };
		2BCB9F61264BAF15001879B8 /* MainCoordinator.swift in Sources */ = {isa = PBXBuildFile; fileRef = 2BCB9F5E264BAF15001879B8 /* MainCoordinator.swift */; };
		2BCB9F62264BAF15001879B8 /* Coordinator.swift in Sources */ = {isa = PBXBuildFile; fileRef = 2BCB9F5F264BAF15001879B8 /* Coordinator.swift */; };
		2BCB9F64264BAF37001879B8 /* LaunchesCVC.swift in Sources */ = {isa = PBXBuildFile; fileRef = 2BCB9F63264BAF37001879B8 /* LaunchesCVC.swift */; };
		2BCB9F66264BB098001879B8 /* LaunchCell.swift in Sources */ = {isa = PBXBuildFile; fileRef = 2BCB9F65264BB098001879B8 /* LaunchCell.swift */; };
/* End PBXBuildFile section */

/* Begin PBXContainerItemProxy section */
		2BCB9F32264BAD95001879B8 /* PBXContainerItemProxy */ = {
			isa = PBXContainerItemProxy;
			containerPortal = 2BCB9F13264BAD94001879B8 /* Project object */;
			proxyType = 1;
			remoteGlobalIDString = 2BCB9F1A264BAD94001879B8;
			remoteInfo = Ebay_t;
		};
/* End PBXContainerItemProxy section */

/* Begin PBXFileReference section */
		2B287410264D274000070D5E /* ImageHelper.swift */ = {isa = PBXFileReference; fileEncoding = 4; lastKnownFileType = sourcecode.swift; path = ImageHelper.swift; sourceTree = "<group>"; };
		2B287412264D284200070D5E /* LaunchImageView.swift */ = {isa = PBXFileReference; fileEncoding = 4; lastKnownFileType = sourcecode.swift; path = LaunchImageView.swift; sourceTree = "<group>"; };
		2B287414264D286E00070D5E /* LaunchImageVM.swift */ = {isa = PBXFileReference; fileEncoding = 4; lastKnownFileType = sourcecode.swift; path = LaunchImageVM.swift; sourceTree = "<group>"; };
		2B79E6EE264D341700C86A47 /* launchesMOC.json */ = {isa = PBXFileReference; fileEncoding = 4; lastKnownFileType = text.json; path = launchesMOC.json; sourceTree = "<group>"; };
		2B79E6F1264D5A2D00C86A47 /* WebVC.swift */ = {isa = PBXFileReference; lastKnownFileType = sourcecode.swift; path = WebVC.swift; sourceTree = "<group>"; };
		2B79E6F4264D64AD00C86A47 /* CountdownLabel.swift */ = {isa = PBXFileReference; lastKnownFileType = sourcecode.swift; path = CountdownLabel.swift; sourceTree = "<group>"; };
		2B79E6F7264D7E4C00C86A47 /* CountdownLabelVM.swift */ = {isa = PBXFileReference; lastKnownFileType = sourcecode.swift; path = CountdownLabelVM.swift; sourceTree = "<group>"; };
		2B79E6FA264D833000C86A47 /* CountryUtilities.swift */ = {isa = PBXFileReference; lastKnownFileType = sourcecode.swift; path = CountryUtilities.swift; sourceTree = "<group>"; };
		2BCAB7D3264BB2FB00A8E991 /* LaunchesVM.swift */ = {isa = PBXFileReference; lastKnownFileType = sourcecode.swift; path = LaunchesVM.swift; sourceTree = "<group>"; };
		2BCAB7D5264BB30600A8E991 /* LaunchVM.swift */ = {isa = PBXFileReference; lastKnownFileType = sourcecode.swift; path = LaunchVM.swift; sourceTree = "<group>"; };
		2BCAB7D7264BB39C00A8E991 /* NetworkService.swift */ = {isa = PBXFileReference; fileEncoding = 4; lastKnownFileType = sourcecode.swift; path = NetworkService.swift; sourceTree = "<group>"; };
		2BCAB7D8264BB39C00A8E991 /* LaunchesService.swift */ = {isa = PBXFileReference; fileEncoding = 4; lastKnownFileType = sourcecode.swift; path = LaunchesService.swift; sourceTree = "<group>"; };
		2BCAB7D9264BB39D00A8E991 /* NetworkError.swift */ = {isa = PBXFileReference; fileEncoding = 4; lastKnownFileType = sourcecode.swift; path = NetworkError.swift; sourceTree = "<group>"; };
		2BCAB7DD264BB3AD00A8E991 /* LaunchResponse.swift */ = {isa = PBXFileReference; lastKnownFileType = sourcecode.swift; path = LaunchResponse.swift; sourceTree = "<group>"; };
		2BCAB7E0264BE68F00A8E991 /* LaunchRequest.swift */ = {isa = PBXFileReference; lastKnownFileType = sourcecode.swift; path = LaunchRequest.swift; sourceTree = "<group>"; };
		2BCAB7E2264BF36E00A8E991 /* LaunchDetailsVM.swift */ = {isa = PBXFileReference; lastKnownFileType = sourcecode.swift; path = LaunchDetailsVM.swift; sourceTree = "<group>"; };
		2BCAB7E4264BF7A000A8E991 /* LaunchDetailsVC.swift */ = {isa = PBXFileReference; lastKnownFileType = sourcecode.swift; path = LaunchDetailsVC.swift; sourceTree = "<group>"; };
		2BCB9F1B264BAD94001879B8 /* Ebay_t.app */ = {isa = PBXFileReference; explicitFileType = wrapper.application; includeInIndex = 0; path = Ebay_t.app; sourceTree = BUILT_PRODUCTS_DIR; };
		2BCB9F1E264BAD94001879B8 /* AppDelegate.swift */ = {isa = PBXFileReference; lastKnownFileType = sourcecode.swift; path = AppDelegate.swift; sourceTree = "<group>"; };
		2BCB9F25264BAD94001879B8 /* Base */ = {isa = PBXFileReference; lastKnownFileType = file.storyboard; name = Base; path = Base.lproj/Main.storyboard; sourceTree = "<group>"; };
		2BCB9F27264BAD94001879B8 /* Assets.xcassets */ = {isa = PBXFileReference; lastKnownFileType = folder.assetcatalog; path = Assets.xcassets; sourceTree = "<group>"; };
		2BCB9F2A264BAD94001879B8 /* Base */ = {isa = PBXFileReference; lastKnownFileType = file.storyboard; name = Base; path = Base.lproj/LaunchScreen.storyboard; sourceTree = "<group>"; };
		2BCB9F2C264BAD94001879B8 /* Info.plist */ = {isa = PBXFileReference; lastKnownFileType = text.plist.xml; path = Info.plist; sourceTree = "<group>"; };
		2BCB9F31264BAD95001879B8 /* Ebay_tTests.xctest */ = {isa = PBXFileReference; explicitFileType = wrapper.cfbundle; includeInIndex = 0; path = Ebay_tTests.xctest; sourceTree = BUILT_PRODUCTS_DIR; };
		2BCB9F35264BAD95001879B8 /* Ebay_tTests.swift */ = {isa = PBXFileReference; lastKnownFileType = sourcecode.swift; path = Ebay_tTests.swift; sourceTree = "<group>"; };
		2BCB9F37264BAD95001879B8 /* Info.plist */ = {isa = PBXFileReference; lastKnownFileType = text.plist.xml; path = Info.plist; sourceTree = "<group>"; };
		2BCB9F59264BAEF9001879B8 /* AlertHelper.swift */ = {isa = PBXFileReference; lastKnownFileType = sourcecode.swift; path = AlertHelper.swift; sourceTree = "<group>"; };
		2BCB9F5B264BAF05001879B8 /* BlockingScreen.swift */ = {isa = PBXFileReference; fileEncoding = 4; lastKnownFileType = sourcecode.swift; path = BlockingScreen.swift; sourceTree = "<group>"; };
		2BCB9F5D264BAF14001879B8 /* Storyboarded.swift */ = {isa = PBXFileReference; fileEncoding = 4; lastKnownFileType = sourcecode.swift; path = Storyboarded.swift; sourceTree = "<group>"; };
		2BCB9F5E264BAF15001879B8 /* MainCoordinator.swift */ = {isa = PBXFileReference; fileEncoding = 4; lastKnownFileType = sourcecode.swift; path = MainCoordinator.swift; sourceTree = "<group>"; };
		2BCB9F5F264BAF15001879B8 /* Coordinator.swift */ = {isa = PBXFileReference; fileEncoding = 4; lastKnownFileType = sourcecode.swift; path = Coordinator.swift; sourceTree = "<group>"; };
		2BCB9F63264BAF37001879B8 /* LaunchesCVC.swift */ = {isa = PBXFileReference; lastKnownFileType = sourcecode.swift; path = LaunchesCVC.swift; sourceTree = "<group>"; };
		2BCB9F65264BB098001879B8 /* LaunchCell.swift */ = {isa = PBXFileReference; lastKnownFileType = sourcecode.swift; path = LaunchCell.swift; sourceTree = "<group>"; };
/* End PBXFileReference section */

/* Begin PBXFrameworksBuildPhase section */
		2BCB9F18264BAD94001879B8 /* Frameworks */ = {
			isa = PBXFrameworksBuildPhase;
			buildActionMask = 2147483647;
			files = (
			);
			runOnlyForDeploymentPostprocessing = 0;
		};
		2BCB9F2E264BAD95001879B8 /* Frameworks */ = {
			isa = PBXFrameworksBuildPhase;
			buildActionMask = 2147483647;
			files = (
			);
			runOnlyForDeploymentPostprocessing = 0;
		};
/* End PBXFrameworksBuildPhase section */

/* Begin PBXGroup section */
		2BCAB7DF264BC6DE00A8E991 /* RequestObjects */ = {
			isa = PBXGroup;
			children = (
				2BCAB7E0264BE68F00A8E991 /* LaunchRequest.swift */,
			);
			path = RequestObjects;
			sourceTree = "<group>";
		};
		2BCB9F12264BAD94001879B8 = {
			isa = PBXGroup;
			children = (
				2BCB9F1D264BAD94001879B8 /* Ebay_t */,
				2BCB9F34264BAD95001879B8 /* Ebay_tTests */,
				2BCB9F1C264BAD94001879B8 /* Products */,
			);
			sourceTree = "<group>";
		};
		2BCB9F1C264BAD94001879B8 /* Products */ = {
			isa = PBXGroup;
			children = (
				2BCB9F1B264BAD94001879B8 /* Ebay_t.app */,
				2BCB9F31264BAD95001879B8 /* Ebay_tTests.xctest */,
			);
			name = Products;
			sourceTree = "<group>";
		};
		2BCB9F1D264BAD94001879B8 /* Ebay_t */ = {
			isa = PBXGroup;
			children = (
				2BCB9F4E264BADB9001879B8 /* App */,
				2BCB9F52264BAE87001879B8 /* Models */,
				2BCB9F51264BAE84001879B8 /* Views */,
				2BCB9F4F264BAE78001879B8 /* ViewControllers */,
				2BCB9F54264BAE8F001879B8 /* ViewModels */,
				2BCB9F53264BAE89001879B8 /* Lib */,
				2BCB9F58264BAEE1001879B8 /* Resources */,
			);
			path = Ebay_t;
			sourceTree = "<group>";
		};
		2BCB9F34264BAD95001879B8 /* Ebay_tTests */ = {
			isa = PBXGroup;
			children = (
				2B79E6EE264D341700C86A47 /* launchesMOC.json */,
				2BCB9F35264BAD95001879B8 /* Ebay_tTests.swift */,
				2BCB9F37264BAD95001879B8 /* Info.plist */,
			);
			path = Ebay_tTests;
			sourceTree = "<group>";
		};
		2BCB9F4E264BADB9001879B8 /* App */ = {
			isa = PBXGroup;
			children = (
				2BCB9F2C264BAD94001879B8 /* Info.plist */,
				2BCB9F1E264BAD94001879B8 /* AppDelegate.swift */,
			);
			path = App;
			sourceTree = "<group>";
		};
		2BCB9F4F264BAE78001879B8 /* ViewControllers */ = {
			isa = PBXGroup;
			children = (
				2BCB9F63264BAF37001879B8 /* LaunchesCVC.swift */,
				2BCAB7E4264BF7A000A8E991 /* LaunchDetailsVC.swift */,
				2B79E6F1264D5A2D00C86A47 /* WebVC.swift */,
			);
			path = ViewControllers;
			sourceTree = "<group>";
		};
		2BCB9F51264BAE84001879B8 /* Views */ = {
			isa = PBXGroup;
			children = (
				2B79E6F4264D64AD00C86A47 /* CountdownLabel.swift */,
				2B287412264D284200070D5E /* LaunchImageView.swift */,
				2BCB9F65264BB098001879B8 /* LaunchCell.swift */,
			);
			path = Views;
			sourceTree = "<group>";
		};
		2BCB9F52264BAE87001879B8 /* Models */ = {
			isa = PBXGroup;
			children = (
				2BCAB7DF264BC6DE00A8E991 /* RequestObjects */,
				2BCB9F56264BAECE001879B8 /* ResponseObjects */,
			);
			path = Models;
			sourceTree = "<group>";
		};
		2BCB9F53264BAE89001879B8 /* Lib */ = {
			isa = PBXGroup;
			children = (
				2BCB9F57264BAED8001879B8 /* UI */,
				2BCB9F55264BAEC0001879B8 /* Networking */,
				2BCB9F5F264BAF15001879B8 /* Coordinator.swift */,
				2BCB9F5E264BAF15001879B8 /* MainCoordinator.swift */,
				2B287410264D274000070D5E /* ImageHelper.swift */,
				2B79E6FA264D833000C86A47 /* CountryUtilities.swift */,
			);
			path = Lib;
			sourceTree = "<group>";
		};
		2BCB9F54264BAE8F001879B8 /* ViewModels */ = {
			isa = PBXGroup;
			children = (
				2B79E6F7264D7E4C00C86A47 /* CountdownLabelVM.swift */,
				2B287414264D286E00070D5E /* LaunchImageVM.swift */,
				2BCAB7D3264BB2FB00A8E991 /* LaunchesVM.swift */,
				2BCAB7D5264BB30600A8E991 /* LaunchVM.swift */,
				2BCAB7E2264BF36E00A8E991 /* LaunchDetailsVM.swift */,
			);
			path = ViewModels;
			sourceTree = "<group>";
		};
		2BCB9F55264BAEC0001879B8 /* Networking */ = {
			isa = PBXGroup;
			children = (
				2BCAB7D8264BB39C00A8E991 /* LaunchesService.swift */,
				2BCAB7D9264BB39D00A8E991 /* NetworkError.swift */,
				2BCAB7D7264BB39C00A8E991 /* NetworkService.swift */,
			);
			path = Networking;
			sourceTree = "<group>";
		};
		2BCB9F56264BAECE001879B8 /* ResponseObjects */ = {
			isa = PBXGroup;
			children = (
				2BCAB7DD264BB3AD00A8E991 /* LaunchResponse.swift */,
			);
			path = ResponseObjects;
			sourceTree = "<group>";
		};
		2BCB9F57264BAED8001879B8 /* UI */ = {
			isa = PBXGroup;
			children = (
				2BCB9F5D264BAF14001879B8 /* Storyboarded.swift */,
				2BCB9F59264BAEF9001879B8 /* AlertHelper.swift */,
				2BCB9F5B264BAF05001879B8 /* BlockingScreen.swift */,
			);
			path = UI;
			sourceTree = "<group>";
		};
		2BCB9F58264BAEE1001879B8 /* Resources */ = {
			isa = PBXGroup;
			children = (
				2BCB9F24264BAD94001879B8 /* Main.storyboard */,
				2BCB9F27264BAD94001879B8 /* Assets.xcassets */,
				2BCB9F29264BAD94001879B8 /* LaunchScreen.storyboard */,
			);
			path = Resources;
			sourceTree = "<group>";
		};
/* End PBXGroup section */

/* Begin PBXNativeTarget section */
		2BCB9F1A264BAD94001879B8 /* Ebay_t */ = {
			isa = PBXNativeTarget;
			buildConfigurationList = 2BCB9F45264BAD95001879B8 /* Build configuration list for PBXNativeTarget "Ebay_t" */;
			buildPhases = (
				2BCB9F17264BAD94001879B8 /* Sources */,
				2BCB9F18264BAD94001879B8 /* Frameworks */,
				2BCB9F19264BAD94001879B8 /* Resources */,
			);
			buildRules = (
			);
			dependencies = (
			);
			name = Ebay_t;
			productName = Ebay_t;
			productReference = 2BCB9F1B264BAD94001879B8 /* Ebay_t.app */;
			productType = "com.apple.product-type.application";
		};
		2BCB9F30264BAD95001879B8 /* Ebay_tTests */ = {
			isa = PBXNativeTarget;
			buildConfigurationList = 2BCB9F48264BAD95001879B8 /* Build configuration list for PBXNativeTarget "Ebay_tTests" */;
			buildPhases = (
				2BCB9F2D264BAD95001879B8 /* Sources */,
				2BCB9F2E264BAD95001879B8 /* Frameworks */,
				2BCB9F2F264BAD95001879B8 /* Resources */,
			);
			buildRules = (
			);
			dependencies = (
				2BCB9F33264BAD95001879B8 /* PBXTargetDependency */,
			);
			name = Ebay_tTests;
			productName = Ebay_tTests;
			productReference = 2BCB9F31264BAD95001879B8 /* Ebay_tTests.xctest */;
			productType = "com.apple.product-type.bundle.unit-test";
		};
/* End PBXNativeTarget section */

/* Begin PBXProject section */
		2BCB9F13264BAD94001879B8 /* Project object */ = {
			isa = PBXProject;
			attributes = {
				LastSwiftUpdateCheck = 1250;
				LastUpgradeCheck = 1250;
				TargetAttributes = {
					2BCB9F1A264BAD94001879B8 = {
						CreatedOnToolsVersion = 12.5;
					};
					2BCB9F30264BAD95001879B8 = {
						CreatedOnToolsVersion = 12.5;
						TestTargetID = 2BCB9F1A264BAD94001879B8;
					};
				};
			};
			buildConfigurationList = 2BCB9F16264BAD94001879B8 /* Build configuration list for PBXProject "Ebay_t" */;
			compatibilityVersion = "Xcode 9.3";
			developmentRegion = en;
			hasScannedForEncodings = 0;
			knownRegions = (
				en,
				Base,
			);
			mainGroup = 2BCB9F12264BAD94001879B8;
			productRefGroup = 2BCB9F1C264BAD94001879B8 /* Products */;
			projectDirPath = "";
			projectRoot = "";
			targets = (
				2BCB9F1A264BAD94001879B8 /* Ebay_t */,
				2BCB9F30264BAD95001879B8 /* Ebay_tTests */,
			);
		};
/* End PBXProject section */

/* Begin PBXResourcesBuildPhase section */
		2BCB9F19264BAD94001879B8 /* Resources */ = {
			isa = PBXResourcesBuildPhase;
			buildActionMask = 2147483647;
			files = (
				2B79E6EF264D341700C86A47 /* launchesMOC.json in Resources */,
				2BCB9F2B264BAD94001879B8 /* LaunchScreen.storyboard in Resources */,
				2BCB9F28264BAD94001879B8 /* Assets.xcassets in Resources */,
				2BCB9F26264BAD94001879B8 /* Main.storyboard in Resources */,
			);
			runOnlyForDeploymentPostprocessing = 0;
		};
		2BCB9F2F264BAD95001879B8 /* Resources */ = {
			isa = PBXResourcesBuildPhase;
			buildActionMask = 2147483647;
			files = (
				2B79E6F0264D341700C86A47 /* launchesMOC.json in Resources */,
			);
			runOnlyForDeploymentPostprocessing = 0;
		};
/* End PBXResourcesBuildPhase section */

/* Begin PBXSourcesBuildPhase section */
		2BCB9F17264BAD94001879B8 /* Sources */ = {
			isa = PBXSourcesBuildPhase;
			buildActionMask = 2147483647;
			files = (
				2BCAB7DA264BB39D00A8E991 /* NetworkService.swift in Sources */,
				2B79E6FB264D833000C86A47 /* CountryUtilities.swift in Sources */,
				2BCAB7DE264BB3AD00A8E991 /* LaunchResponse.swift in Sources */,
				2B79E6F8264D7E4C00C86A47 /* CountdownLabelVM.swift in Sources */,
				2BCAB7E5264BF7A000A8E991 /* LaunchDetailsVC.swift in Sources */,
				2BCB9F5A264BAEF9001879B8 /* AlertHelper.swift in Sources */,
				2BCAB7E1264BE68F00A8E991 /* LaunchRequest.swift in Sources */,
				2BCAB7E3264BF36E00A8E991 /* LaunchDetailsVM.swift in Sources */,
				2BCAB7DB264BB39D00A8E991 /* LaunchesService.swift in Sources */,
				2BCB9F1F264BAD94001879B8 /* AppDelegate.swift in Sources */,
				2BCB9F64264BAF37001879B8 /* LaunchesCVC.swift in Sources */,
				2BCAB7D6264BB30600A8E991 /* LaunchVM.swift in Sources */,
				2BCB9F62264BAF15001879B8 /* Coordinator.swift in Sources */,
				2B287415264D286E00070D5E /* LaunchImageVM.swift in Sources */,
				2B79E6F5264D64AD00C86A47 /* CountdownLabel.swift in Sources */,
				2B287411264D274000070D5E /* ImageHelper.swift in Sources */,
				2BCAB7D4264BB2FB00A8E991 /* LaunchesVM.swift in Sources */,
				2BCB9F5C264BAF05001879B8 /* BlockingScreen.swift in Sources */,
				2B79E6F2264D5A2D00C86A47 /* WebVC.swift in Sources */,
				2BCB9F61264BAF15001879B8 /* MainCoordinator.swift in Sources */,
				2BCAB7DC264BB39D00A8E991 /* NetworkError.swift in Sources */,
				2BCB9F66264BB098001879B8 /* LaunchCell.swift in Sources */,
				2BCB9F60264BAF15001879B8 /* Storyboarded.swift in Sources */,
				2B287413264D284300070D5E /* LaunchImageView.swift in Sources */,
			);
			runOnlyForDeploymentPostprocessing = 0;
		};
		2BCB9F2D264BAD95001879B8 /* Sources */ = {
			isa = PBXSourcesBuildPhase;
			buildActionMask = 2147483647;
			files = (
				2BCB9F36264BAD95001879B8 /* Ebay_tTests.swift in Sources */,
				2B79E6F9264D7E4C00C86A47 /* CountdownLabelVM.swift in Sources */,
				2B79E6F3264D5A2D00C86A47 /* WebVC.swift in Sources */,
			);
			runOnlyForDeploymentPostprocessing = 0;
		};
/* End PBXSourcesBuildPhase section */

/* Begin PBXTargetDependency section */
		2BCB9F33264BAD95001879B8 /* PBXTargetDependency */ = {
			isa = PBXTargetDependency;
			target = 2BCB9F1A264BAD94001879B8 /* Ebay_t */;
			targetProxy = 2BCB9F32264BAD95001879B8 /* PBXContainerItemProxy */;
		};
/* End PBXTargetDependency section */

/* Begin PBXVariantGroup section */
		2BCB9F24264BAD94001879B8 /* Main.storyboard */ = {
			isa = PBXVariantGroup;
			children = (
				2BCB9F25264BAD94001879B8 /* Base */,
			);
			name = Main.storyboard;
			sourceTree = "<group>";
		};
		2BCB9F29264BAD94001879B8 /* LaunchScreen.storyboard */ = {
			isa = PBXVariantGroup;
			children = (
				2BCB9F2A264BAD94001879B8 /* Base */,
			);
			name = LaunchScreen.storyboard;
			sourceTree = "<group>";
		};
/* End PBXVariantGroup section */

/* Begin XCBuildConfiguration section */
		2BCB9F43264BAD95001879B8 /* Debug */ = {
			isa = XCBuildConfiguration;
			buildSettings = {
				ALWAYS_SEARCH_USER_PATHS = NO;
				CLANG_ANALYZER_NONNULL = YES;
				CLANG_ANALYZER_NUMBER_OBJECT_CONVERSION = YES_AGGRESSIVE;
				CLANG_CXX_LANGUAGE_STANDARD = "gnu++14";
				CLANG_CXX_LIBRARY = "libc++";
				CLANG_ENABLE_MODULES = YES;
				CLANG_ENABLE_OBJC_ARC = YES;
				CLANG_ENABLE_OBJC_WEAK = YES;
				CLANG_WARN_BLOCK_CAPTURE_AUTORELEASING = YES;
				CLANG_WARN_BOOL_CONVERSION = YES;
				CLANG_WARN_COMMA = YES;
				CLANG_WARN_CONSTANT_CONVERSION = YES;
				CLANG_WARN_DEPRECATED_OBJC_IMPLEMENTATIONS = YES;
				CLANG_WARN_DIRECT_OBJC_ISA_USAGE = YES_ERROR;
				CLANG_WARN_DOCUMENTATION_COMMENTS = YES;
				CLANG_WARN_EMPTY_BODY = YES;
				CLANG_WARN_ENUM_CONVERSION = YES;
				CLANG_WARN_INFINITE_RECURSION = YES;
				CLANG_WARN_INT_CONVERSION = YES;
				CLANG_WARN_NON_LITERAL_NULL_CONVERSION = YES;
				CLANG_WARN_OBJC_IMPLICIT_RETAIN_SELF = YES;
				CLANG_WARN_OBJC_LITERAL_CONVERSION = YES;
				CLANG_WARN_OBJC_ROOT_CLASS = YES_ERROR;
				CLANG_WARN_QUOTED_INCLUDE_IN_FRAMEWORK_HEADER = YES;
				CLANG_WARN_RANGE_LOOP_ANALYSIS = YES;
				CLANG_WARN_STRICT_PROTOTYPES = YES;
				CLANG_WARN_SUSPICIOUS_MOVE = YES;
				CLANG_WARN_UNGUARDED_AVAILABILITY = YES_AGGRESSIVE;
				CLANG_WARN_UNREACHABLE_CODE = YES;
				CLANG_WARN__DUPLICATE_METHOD_MATCH = YES;
				COPY_PHASE_STRIP = NO;
				DEBUG_INFORMATION_FORMAT = dwarf;
				ENABLE_STRICT_OBJC_MSGSEND = YES;
				ENABLE_TESTABILITY = YES;
				GCC_C_LANGUAGE_STANDARD = gnu11;
				GCC_DYNAMIC_NO_PIC = NO;
				GCC_NO_COMMON_BLOCKS = YES;
				GCC_OPTIMIZATION_LEVEL = 0;
				GCC_PREPROCESSOR_DEFINITIONS = (
					"DEBUG=1",
					"$(inherited)",
				);
				GCC_WARN_64_TO_32_BIT_CONVERSION = YES;
				GCC_WARN_ABOUT_RETURN_TYPE = YES_ERROR;
				GCC_WARN_UNDECLARED_SELECTOR = YES;
				GCC_WARN_UNINITIALIZED_AUTOS = YES_AGGRESSIVE;
				GCC_WARN_UNUSED_FUNCTION = YES;
				GCC_WARN_UNUSED_VARIABLE = YES;
				IPHONEOS_DEPLOYMENT_TARGET = 14.5;
				MTL_ENABLE_DEBUG_INFO = INCLUDE_SOURCE;
				MTL_FAST_MATH = YES;
				ONLY_ACTIVE_ARCH = YES;
				SDKROOT = iphoneos;
				SWIFT_ACTIVE_COMPILATION_CONDITIONS = DEBUG;
				SWIFT_OPTIMIZATION_LEVEL = "-Onone";
			};
			name = Debug;
		};
		2BCB9F44264BAD95001879B8 /* Release */ = {
			isa = XCBuildConfiguration;
			buildSettings = {
				ALWAYS_SEARCH_USER_PATHS = NO;
				CLANG_ANALYZER_NONNULL = YES;
				CLANG_ANALYZER_NUMBER_OBJECT_CONVERSION = YES_AGGRESSIVE;
				CLANG_CXX_LANGUAGE_STANDARD = "gnu++14";
				CLANG_CXX_LIBRARY = "libc++";
				CLANG_ENABLE_MODULES = YES;
				CLANG_ENABLE_OBJC_ARC = YES;
				CLANG_ENABLE_OBJC_WEAK = YES;
				CLANG_WARN_BLOCK_CAPTURE_AUTORELEASING = YES;
				CLANG_WARN_BOOL_CONVERSION = YES;
				CLANG_WARN_COMMA = YES;
				CLANG_WARN_CONSTANT_CONVERSION = YES;
				CLANG_WARN_DEPRECATED_OBJC_IMPLEMENTATIONS = YES;
				CLANG_WARN_DIRECT_OBJC_ISA_USAGE = YES_ERROR;
				CLANG_WARN_DOCUMENTATION_COMMENTS = YES;
				CLANG_WARN_EMPTY_BODY = YES;
				CLANG_WARN_ENUM_CONVERSION = YES;
				CLANG_WARN_INFINITE_RECURSION = YES;
				CLANG_WARN_INT_CONVERSION = YES;
				CLANG_WARN_NON_LITERAL_NULL_CONVERSION = YES;
				CLANG_WARN_OBJC_IMPLICIT_RETAIN_SELF = YES;
				CLANG_WARN_OBJC_LITERAL_CONVERSION = YES;
				CLANG_WARN_OBJC_ROOT_CLASS = YES_ERROR;
				CLANG_WARN_QUOTED_INCLUDE_IN_FRAMEWORK_HEADER = YES;
				CLANG_WARN_RANGE_LOOP_ANALYSIS = YES;
				CLANG_WARN_STRICT_PROTOTYPES = YES;
				CLANG_WARN_SUSPICIOUS_MOVE = YES;
				CLANG_WARN_UNGUARDED_AVAILABILITY = YES_AGGRESSIVE;
				CLANG_WARN_UNREACHABLE_CODE = YES;
				CLANG_WARN__DUPLICATE_METHOD_MATCH = YES;
				COPY_PHASE_STRIP = NO;
				DEBUG_INFORMATION_FORMAT = "dwarf-with-dsym";
				ENABLE_NS_ASSERTIONS = NO;
				ENABLE_STRICT_OBJC_MSGSEND = YES;
				GCC_C_LANGUAGE_STANDARD = gnu11;
				GCC_NO_COMMON_BLOCKS = YES;
				GCC_WARN_64_TO_32_BIT_CONVERSION = YES;
				GCC_WARN_ABOUT_RETURN_TYPE = YES_ERROR;
				GCC_WARN_UNDECLARED_SELECTOR = YES;
				GCC_WARN_UNINITIALIZED_AUTOS = YES_AGGRESSIVE;
				GCC_WARN_UNUSED_FUNCTION = YES;
				GCC_WARN_UNUSED_VARIABLE = YES;
				IPHONEOS_DEPLOYMENT_TARGET = 14.5;
				MTL_ENABLE_DEBUG_INFO = NO;
				MTL_FAST_MATH = YES;
				SDKROOT = iphoneos;
				SWIFT_COMPILATION_MODE = wholemodule;
				SWIFT_OPTIMIZATION_LEVEL = "-O";
				VALIDATE_PRODUCT = YES;
			};
			name = Release;
		};
		2BCB9F46264BAD95001879B8 /* Debug */ = {
			isa = XCBuildConfiguration;
			buildSettings = {
				ASSETCATALOG_COMPILER_APPICON_NAME = AppIcon;
				ASSETCATALOG_COMPILER_GLOBAL_ACCENT_COLOR_NAME = AccentColor;
				CODE_SIGN_STYLE = Automatic;
				DEVELOPMENT_TEAM = G5ZMJZYMZX;
				INFOPLIST_FILE = Ebay_t/App/Info.plist;
				LD_RUNPATH_SEARCH_PATHS = (
					"$(inherited)",
					"@executable_path/Frameworks",
				);
				PRODUCT_BUNDLE_IDENTIFIER = "com.homegate.paja.Ebay-t";
				PRODUCT_NAME = "$(TARGET_NAME)";
				SWIFT_VERSION = 5.0;
				TARGETED_DEVICE_FAMILY = "1,2";
			};
			name = Debug;
		};
		2BCB9F47264BAD95001879B8 /* Release */ = {
			isa = XCBuildConfiguration;
			buildSettings = {
				ASSETCATALOG_COMPILER_APPICON_NAME = AppIcon;
				ASSETCATALOG_COMPILER_GLOBAL_ACCENT_COLOR_NAME = AccentColor;
				CODE_SIGN_STYLE = Automatic;
				DEVELOPMENT_TEAM = G5ZMJZYMZX;
				INFOPLIST_FILE = Ebay_t/App/Info.plist;
				LD_RUNPATH_SEARCH_PATHS = (
					"$(inherited)",
					"@executable_path/Frameworks",
				);
				PRODUCT_BUNDLE_IDENTIFIER = "com.homegate.paja.Ebay-t";
				PRODUCT_NAME = "$(TARGET_NAME)";
				SWIFT_VERSION = 5.0;
				TARGETED_DEVICE_FAMILY = "1,2";
			};
			name = Release;
		};
		2BCB9F49264BAD95001879B8 /* Debug */ = {
			isa = XCBuildConfiguration;
			buildSettings = {
				ALWAYS_EMBED_SWIFT_STANDARD_LIBRARIES = YES;
				BUNDLE_LOADER = "$(TEST_HOST)";
				CODE_SIGN_STYLE = Automatic;
				INFOPLIST_FILE = Ebay_tTests/Info.plist;
				IPHONEOS_DEPLOYMENT_TARGET = 14.5;
				LD_RUNPATH_SEARCH_PATHS = (
					"$(inherited)",
					"@executable_path/Frameworks",
					"@loader_path/Frameworks",
				);
				PRODUCT_BUNDLE_IDENTIFIER = "com.homegate.paja.Ebay-tTests";
				PRODUCT_NAME = "$(TARGET_NAME)";
				SWIFT_VERSION = 5.0;
				TARGETED_DEVICE_FAMILY = "1,2";
				TEST_HOST = "$(BUILT_PRODUCTS_DIR)/Ebay_t.app/Ebay_t";
			};
			name = Debug;
		};
		2BCB9F4A264BAD95001879B8 /* Release */ = {
			isa = XCBuildConfiguration;
			buildSettings = {
				ALWAYS_EMBED_SWIFT_STANDARD_LIBRARIES = YES;
				BUNDLE_LOADER = "$(TEST_HOST)";
				CODE_SIGN_STYLE = Automatic;
				INFOPLIST_FILE = Ebay_tTests/Info.plist;
				IPHONEOS_DEPLOYMENT_TARGET = 14.5;
				LD_RUNPATH_SEARCH_PATHS = (
					"$(inherited)",
					"@executable_path/Frameworks",
					"@loader_path/Frameworks",
				);
				PRODUCT_BUNDLE_IDENTIFIER = "com.homegate.paja.Ebay-tTests";
				PRODUCT_NAME = "$(TARGET_NAME)";
				SWIFT_VERSION = 5.0;
				TARGETED_DEVICE_FAMILY = "1,2";
				TEST_HOST = "$(BUILT_PRODUCTS_DIR)/Ebay_t.app/Ebay_t";
			};
			name = Release;
		};
/* End XCBuildConfiguration section */

/* Begin XCConfigurationList section */
		2BCB9F16264BAD94001879B8 /* Build configuration list for PBXProject "Ebay_t" */ = {
			isa = XCConfigurationList;
			buildConfigurations = (
				2BCB9F43264BAD95001879B8 /* Debug */,
				2BCB9F44264BAD95001879B8 /* Release */,
			);
			defaultConfigurationIsVisible = 0;
			defaultConfigurationName = Release;
		};
		2BCB9F45264BAD95001879B8 /* Build configuration list for PBXNativeTarget "Ebay_t" */ = {
			isa = XCConfigurationList;
			buildConfigurations = (
				2BCB9F46264BAD95001879B8 /* Debug */,
				2BCB9F47264BAD95001879B8 /* Release */,
			);
			defaultConfigurationIsVisible = 0;
			defaultConfigurationName = Release;
		};
		2BCB9F48264BAD95001879B8 /* Build configuration list for PBXNativeTarget "Ebay_tTests" */ = {
			isa = XCConfigurationList;
			buildConfigurations = (
				2BCB9F49264BAD95001879B8 /* Debug */,
				2BCB9F4A264BAD95001879B8 /* Release */,
			);
			defaultConfigurationIsVisible = 0;
			defaultConfigurationName = Release;
		};
/* End XCConfigurationList section */
	};
	rootObject = 2BCB9F13264BAD94001879B8 /* Project object */;
}
